
Microsoft Visual Studio Solution File, Format Version 12.00
Project("{FAE04EC0-301F-11D3-BF4B-00C04F79EFBC}") = "TodebbBootcampHomework2", "TodebbBootcampHomework2\TodebbBootcampHomework2.csproj", "{AFEB034C-4910-4110-8127-975167F4CF70}"
EndProject
Global
	GlobalSection(SolutionConfigurationPlatforms) = preSolution
		Debug|Any CPU = Debug|Any CPU
		Release|Any CPU = Release|Any CPU
	EndGlobalSection
	GlobalSection(ProjectConfigurationPlatforms) = postSolution
		{AFEB034C-4910-4110-8127-975167F4CF70}.Debug|Any CPU.ActiveCfg = Debug|Any CPU
		{AFEB034C-4910-4110-8127-975167F4CF70}.Debug|Any CPU.Build.0 = Debug|Any CPU
		{AFEB034C-4910-4110-8127-975167F4CF70}.Release|Any CPU.ActiveCfg = Release|Any CPU
		{AFEB034C-4910-4110-8127-975167F4CF70}.Release|Any CPU.Build.0 = Release|Any CPU
	EndGlobalSection
EndGlobal
